dependencies:
- name: app
  repository: file://charts/app
  version: 0.1.0
- name: db
  repository: file://charts/db
  version: 0.1.0
- name: traefik
  repository: https://traefik.github.io/charts
  version: 41.0.1
digest: sha256:c93311edff64c1b1d6872a2745e8f8b1c097147d6d340ea5d08fe04822a92ea4
generated: "2026-06-30T20:23:53.163468719Z"
