dependencies:
- name: app
  repository: file://charts/app
  version: 0.1.0
- name: db
  repository: file://charts/db
  version: 0.1.0
- name: traefik
  repository: https://traefik.github.io/charts
  version: 41.5.0
digest: sha256:4183752c1aa79d2438b252ad252f84a79f2dc606d431869a5fb039dbb6649345
generated: "2026-09-15T19:00:13.061352701Z"
