dependencies:
- name: app
  repository: file://charts/app
  version: 0.1.0
- name: db
  repository: file://charts/db
  version: 0.1.0
- name: traefik
  repository: https://traefik.github.io/charts
  version: 40.2.0
digest: sha256:c50ad144be6ff4d1273cfec459154b6a3e4e4ad094cec3dc4649f8b5ed7eac81
generated: "2026-05-17T14:29:40.187863313Z"
